<<<<<<< HEAD
﻿
Microsoft Visual Studio Solution File, Format Version 12.00
# Visual Studio Version 17
VisualStudioVersion = 17.3.32819.101
MinimumVisualStudioVersion = 10.0.40219.1
Project("{8BC9CEB8-8B4A-11D0-8D11-00A0C91BC942}") = "Saper", "Saper\Saper.vcxproj", "{D37832CB-35B5-497F-B589-D6FBDC73A1EC}"
EndProject
Project("{8BC9CEB8-8B4A-11D0-8D11-00A0C91BC942}") = "Saper2", "Saper2\Saper2.vcxproj", "{32233F95-5E83-48AA-A863-68CD33E599A3}"
EndProject
Global
	GlobalSection(SolutionConfigurationPlatforms) = preSolution
		Debug|x64 = Debug|x64
		Debug|x86 = Debug|x86
		Release|x64 = Release|x64
		Release|x86 = Release|x86
	EndGlobalSection
	GlobalSection(ProjectConfigurationPlatforms) = postSolution
		{D37832CB-35B5-497F-B589-D6FBDC73A1EC}.Debug|x64.ActiveCfg = Debug|x64
		{D37832CB-35B5-497F-B589-D6FBDC73A1EC}.Debug|x64.Build.0 = Debug|x64
		{D37832CB-35B5-497F-B589-D6FBDC73A1EC}.Debug|x86.ActiveCfg = Debug|Win32
		{D37832CB-35B5-497F-B589-D6FBDC73A1EC}.Debug|x86.Build.0 = Debug|Win32
		{D37832CB-35B5-497F-B589-D6FBDC73A1EC}.Release|x64.ActiveCfg = Release|x64
		{D37832CB-35B5-497F-B589-D6FBDC73A1EC}.Release|x64.Build.0 = Release|x64
		{D37832CB-35B5-497F-B589-D6FBDC73A1EC}.Release|x86.ActiveCfg = Release|Win32
		{D37832CB-35B5-497F-B589-D6FBDC73A1EC}.Release|x86.Build.0 = Release|Win32
		{32233F95-5E83-48AA-A863-68CD33E599A3}.Debug|x64.ActiveCfg = Debug|x64
		{32233F95-5E83-48AA-A863-68CD33E599A3}.Debug|x64.Build.0 = Debug|x64
		{32233F95-5E83-48AA-A863-68CD33E599A3}.Debug|x86.ActiveCfg = Debug|Win32
		{32233F95-5E83-48AA-A863-68CD33E599A3}.Debug|x86.Build.0 = Debug|Win32
		{32233F95-5E83-48AA-A863-68CD33E599A3}.Release|x64.ActiveCfg = Release|x64
		{32233F95-5E83-48AA-A863-68CD33E599A3}.Release|x64.Build.0 = Release|x64
		{32233F95-5E83-48AA-A863-68CD33E599A3}.Release|x86.ActiveCfg = Release|Win32
		{32233F95-5E83-48AA-A863-68CD33E599A3}.Release|x86.Build.0 = Release|Win32
	EndGlobalSection
	GlobalSection(SolutionProperties) = preSolution
		HideSolutionNode = FALSE
	EndGlobalSection
	GlobalSection(ExtensibilityGlobals) = postSolution
		SolutionGuid = {14E3E308-144C-46D1-9AA9-707A20134D0D}
	EndGlobalSection
EndGlobal
=======
﻿
Microsoft Visual Studio Solution File, Format Version 12.00
# Visual Studio Version 17
VisualStudioVersion = 17.3.32819.101
MinimumVisualStudioVersion = 10.0.40219.1
Project("{8BC9CEB8-8B4A-11D0-8D11-00A0C91BC942}") = "Saper", "Saper\Saper.vcxproj", "{D37832CB-35B5-497F-B589-D6FBDC73A1EC}"
EndProject
Global
	GlobalSection(SolutionConfigurationPlatforms) = preSolution
		Debug|x64 = Debug|x64
		Debug|x86 = Debug|x86
		Release|x64 = Release|x64
		Release|x86 = Release|x86
	EndGlobalSection
	GlobalSection(ProjectConfigurationPlatforms) = postSolution
		{D37832CB-35B5-497F-B589-D6FBDC73A1EC}.Debug|x64.ActiveCfg = Debug|x64
		{D37832CB-35B5-497F-B589-D6FBDC73A1EC}.Debug|x64.Build.0 = Debug|x64
		{D37832CB-35B5-497F-B589-D6FBDC73A1EC}.Debug|x86.ActiveCfg = Debug|Win32
		{D37832CB-35B5-497F-B589-D6FBDC73A1EC}.Debug|x86.Build.0 = Debug|Win32
		{D37832CB-35B5-497F-B589-D6FBDC73A1EC}.Release|x64.ActiveCfg = Release|x64
		{D37832CB-35B5-497F-B589-D6FBDC73A1EC}.Release|x64.Build.0 = Release|x64
		{D37832CB-35B5-497F-B589-D6FBDC73A1EC}.Release|x86.ActiveCfg = Release|Win32
		{D37832CB-35B5-497F-B589-D6FBDC73A1EC}.Release|x86.Build.0 = Release|Win32
	EndGlobalSection
	GlobalSection(SolutionProperties) = preSolution
		HideSolutionNode = FALSE
	EndGlobalSection
	GlobalSection(ExtensibilityGlobals) = postSolution
		SolutionGuid = {14E3E308-144C-46D1-9AA9-707A20134D0D}
	EndGlobalSection
EndGlobal
>>>>>>> 82748acd41817605ed27135091fe64191c538e7b
